github.com/google/uuid v1.3.0 h1:t6JiXgmwXMjEs8VusXIJk2BXHsn+wx8BZdTaoZ5fu7I=
github.com/google/uuid v1.3.0/go.mod h1:TIyPZe4MgqvfeYDBFedMoGGpEw/LqOeaOT+nhxU+yHo=
github.com/jepsen-io/maelstrom/demo/go v0.0.0-20230228144258-93f15782f204 h1:MxoD0ZiUM8roAesy3vD5SvYxt2sY7FJQquoXWAfvAmY=
github.com/jepsen-io/maelstrom/demo/go v0.0.0-20230228144258-93f15782f204/go.mod h1:i6aVIs5AIOOaQF1lAisBm7DDeWM1Iopf+26UxjagsCU=
